
Microsoft Visual Studio Solution File, Format Version 12.00
# Visual Studio Version 17
VisualStudioVersion = 17.1.32228.430
MinimumVisualStudioVersion = 10.0.40219.1
Project("{9A19103F-16F7-4668-BE54-9A1E7A4F7556}") = "Exercise1", "Exercise1\Exercise1.csproj", "{289EA1B3-5844-40EA-9446-AFD4F4AE5113}"
EndProject
Project("{2150E333-8FDC-42A3-9474-1A3956D46DE8}") = "Exercise2", "Exercise2", "{C86F0084-BADC-4601-9416-C26A1D4F11DA}"
EndProject
Project("{9A19103F-16F7-4668-BE54-9A1E7A4F7556}") = "Exercise2", "Exercise2\Exercise2.csproj", "{5F0A6EA8-D0B0-485F-92CF-6527FB6E3588}"
EndProject
Project("{2150E333-8FDC-42A3-9474-1A3956D46DE8}") = "Exercise4", "Exercise4", "{A3D15F41-1FA5-4AF4-BB53-A397BF2B5F57}"
EndProject
Project("{FAE04EC0-301F-11D3-BF4B-00C04F79EFBC}") = "Exercise4", "Exercise4\Exercise4.csproj", "{628B6E72-3D7A-4047-9196-300B7E1C8144}"
EndProject
Global
	GlobalSection(SolutionConfigurationPlatforms) = preSolution
		Debug|Any CPU = Debug|Any CPU
		Release|Any CPU = Release|Any CPU
	EndGlobalSection
	GlobalSection(ProjectConfigurationPlatforms) = postSolution
		{289EA1B3-5844-40EA-9446-AFD4F4AE5113}.Debug|Any CPU.ActiveCfg = Debug|Any CPU
		{289EA1B3-5844-40EA-9446-AFD4F4AE5113}.Debug|Any CPU.Build.0 = Debug|Any CPU
		{289EA1B3-5844-40EA-9446-AFD4F4AE5113}.Release|Any CPU.ActiveCfg = Release|Any CPU
		{289EA1B3-5844-40EA-9446-AFD4F4AE5113}.Release|Any CPU.Build.0 = Release|Any CPU
		{5F0A6EA8-D0B0-485F-92CF-6527FB6E3588}.Debug|Any CPU.ActiveCfg = Debug|Any CPU
		{5F0A6EA8-D0B0-485F-92CF-6527FB6E3588}.Debug|Any CPU.Build.0 = Debug|Any CPU
		{5F0A6EA8-D0B0-485F-92CF-6527FB6E3588}.Release|Any CPU.ActiveCfg = Release|Any CPU
		{5F0A6EA8-D0B0-485F-92CF-6527FB6E3588}.Release|Any CPU.Build.0 = Release|Any CPU
		{628B6E72-3D7A-4047-9196-300B7E1C8144}.Debug|Any CPU.ActiveCfg = Debug|Any CPU
		{628B6E72-3D7A-4047-9196-300B7E1C8144}.Debug|Any CPU.Build.0 = Debug|Any CPU
		{628B6E72-3D7A-4047-9196-300B7E1C8144}.Release|Any CPU.ActiveCfg = Release|Any CPU
		{628B6E72-3D7A-4047-9196-300B7E1C8144}.Release|Any CPU.Build.0 = Release|Any CPU
	EndGlobalSection
	GlobalSection(SolutionProperties) = preSolution
		HideSolutionNode = FALSE
	EndGlobalSection
	GlobalSection(NestedProjects) = preSolution
		{5F0A6EA8-D0B0-485F-92CF-6527FB6E3588} = {C86F0084-BADC-4601-9416-C26A1D4F11DA}
		{628B6E72-3D7A-4047-9196-300B7E1C8144} = {A3D15F41-1FA5-4AF4-BB53-A397BF2B5F57}
	EndGlobalSection
	GlobalSection(ExtensibilityGlobals) = postSolution
		SolutionGuid = {2D0D3997-B7BF-41A0-8751-B30272830E6F}
	EndGlobalSection
EndGlobal
